dependencies:
  espressif/esp-zigbee-lib:
    component_hash: 8e815d149f904b3429100d8735a2ed81dea38caff3e2b5e38e5751ffc0af6d89
    dependencies:
    - name: idf
      require: private
      version: '>=5.0'
    source:
      registry_url: https://components.espressif.com/
      type: service
    version: 2.0.3
  idf:
    source:
      type: idf
    version: 6.0.1
direct_dependencies:
- espressif/esp-zigbee-lib
- idf
manifest_hash: d8dd5127b2e94465ecefeab6b192cf8876cbeeee4fda9f9c11df6a97f9d24bf4
target: esp32c6
version: 3.0.0
